
Microsoft Visual Studio Solution File, Format Version 12.00
# Visual Studio Version 16
VisualStudioVersion = 16.0.30717.126
MinimumVisualStudioVersion = 10.0.40219.1
Project("{FAE04EC0-301F-11D3-BF4B-00C04F79EFBC}") = "ProjetASPGestionProduits", "ProjetASPGestionProduits\ProjetASPGestionProduits.csproj", "{FC767651-7F3C-4F8C-A969-174A6F80F847}"
EndProject
Global
	GlobalSection(SolutionConfigurationPlatforms) = preSolution
		Debug|Any CPU = Debug|Any CPU
		Release|Any CPU = Release|Any CPU
	EndGlobalSection
	GlobalSection(ProjectConfigurationPlatforms) = postSolution
		{FC767651-7F3C-4F8C-A969-174A6F80F847}.Debug|Any CPU.ActiveCfg = Debug|Any CPU
		{FC767651-7F3C-4F8C-A969-174A6F80F847}.Debug|Any CPU.Build.0 = Debug|Any CPU
		{FC767651-7F3C-4F8C-A969-174A6F80F847}.Release|Any CPU.ActiveCfg = Release|Any CPU
		{FC767651-7F3C-4F8C-A969-174A6F80F847}.Release|Any CPU.Build.0 = Release|Any CPU
	EndGlobalSection
	GlobalSection(SolutionProperties) = preSolution
		HideSolutionNode = FALSE
	EndGlobalSection
	GlobalSection(ExtensibilityGlobals) = postSolution
		SolutionGuid = {2634D5D8-5590-418F-BBD7-EE620018C77B}
	EndGlobalSection
EndGlobal
